// !$*UTF8*$!
{
	archiveVersion = 1;
	classes = {
	};
	objectVersion = 46;
	objects = {

/* Begin PBXBuildFile section */
		1365D6851CE7C8F400BC1B5F /* ChirpEntry+CoreDataProperties.swift in Sources */ = {isa = PBXBuildFile; fileRef = 1365D6831CE7C8F400BC1B5F /* ChirpEntry+CoreDataProperties.swift */; };
		1365D6861CE7C8F400BC1B5F /* ChirpEntry.swift in Sources */ = {isa = PBXBuildFile; fileRef = 1365D6841CE7C8F400BC1B5F /* ChirpEntry.swift */; };
		13AC5AD41CE9093100B70CA5 /* PreviewViewController.swift in Sources */ = {isa = PBXBuildFile; fileRef = 13AC5AD31CE9093100B70CA5 /* PreviewViewController.swift */; };
		13D14C851CE6B8BA00349EEC /* AppDelegate.swift in Sources */ = {isa = PBXBuildFile; fileRef = 13D14C841CE6B8BA00349EEC /* AppDelegate.swift */; };
		13D14C871CE6B8BA00349EEC /* ChirpListViewController.swift in Sources */ = {isa = PBXBuildFile; fileRef = 13D14C861CE6B8BA00349EEC /* ChirpListViewController.swift */; };
		13D14C8A1CE6B8BA00349EEC /* Main.storyboard in Resources */ = {isa = PBXBuildFile; fileRef = 13D14C881CE6B8BA00349EEC /* Main.storyboard */; };
		13D14C8D1CE6B8BA00349EEC /* BirdStorm.xcdatamodeld in Sources */ = {isa = PBXBuildFile; fileRef = 13D14C8B1CE6B8BA00349EEC /* BirdStorm.xcdatamodeld */; };
		13D14C8F1CE6B8BA00349EEC /* Assets.xcassets in Resources */ = {isa = PBXBuildFile; fileRef = 13D14C8E1CE6B8BA00349EEC /* Assets.xcassets */; };
		13D14C921CE6B8BA00349EEC /* LaunchScreen.storyboard in Resources */ = {isa = PBXBuildFile; fileRef = 13D14C901CE6B8BA00349EEC /* LaunchScreen.storyboard */; };
		13D14C9C1CE6BB9000349EEC /* ChirpCell.swift in Sources */ = {isa = PBXBuildFile; fileRef = 13D14C9B1CE6BB9000349EEC /* ChirpCell.swift */; };
		13D14CA11CE6CEBA00349EEC /* EditViewController.swift in Sources */ = {isa = PBXBuildFile; fileRef = 13D14CA01CE6CEBA00349EEC /* EditViewController.swift */; };
		EC527C528478443D3B0C2B0C /* Pods_BirdStorm.framework in Frameworks */ = {isa = PBXBuildFile; fileRef = D626F10F52FB0E739E9FE087 /* Pods_BirdStorm.framework */; };
/* End PBXBuildFile section */

/* Begin PBXFileReference section */
		1365D6831CE7C8F400BC1B5F /* ChirpEntry+CoreDataProperties.swift */ = {isa = PBXFileReference; fileEncoding = 4; lastKnownFileType = sourcecode.swift; path = "ChirpEntry+CoreDataProperties.swift"; sourceTree = "<group>"; };
		1365D6841CE7C8F400BC1B5F /* ChirpEntry.swift */ = {isa = PBXFileReference; fileEncoding = 4; lastKnownFileType = sourcecode.swift; path = ChirpEntry.swift; sourceTree = "<group>"; };
		13AC5AD31CE9093100B70CA5 /* PreviewViewController.swift */ = {isa = PBXFileReference; fileEncoding = 4; lastKnownFileType = sourcecode.swift; path = PreviewViewController.swift; sourceTree = "<group>"; };
		13D14C811CE6B8BA00349EEC /* Tweetise.app */ = {isa = PBXFileReference; explicitFileType = wrapper.application; includeInIndex = 0; path = Tweetise.app; sourceTree = BUILT_PRODUCTS_DIR; };
		13D14C841CE6B8BA00349EEC /* AppDelegate.swift */ = {isa = PBXFileReference; lastKnownFileType = sourcecode.swift; path = AppDelegate.swift; sourceTree = "<group>"; };
		13D14C861CE6B8BA00349EEC /* ChirpListViewController.swift */ = {isa = PBXFileReference; lastKnownFileType = sourcecode.swift; path = ChirpListViewController.swift; sourceTree = "<group>"; };
		13D14C891CE6B8BA00349EEC /* Base */ = {isa = PBXFileReference; lastKnownFileType = file.storyboard; name = Base; path = Base.lproj/Main.storyboard; sourceTree = "<group>"; };
		13D14C8C1CE6B8BA00349EEC /* BirdStorm.xcdatamodel */ = {isa = PBXFileReference; lastKnownFileType = wrapper.xcdatamodel; path = BirdStorm.xcdatamodel; sourceTree = "<group>"; };
		13D14C8E1CE6B8BA00349EEC /* Assets.xcassets */ = {isa = PBXFileReference; lastKnownFileType = folder.assetcatalog; path = Assets.xcassets; sourceTree = "<group>"; };
		13D14C911CE6B8BA00349EEC /* Base */ = {isa = PBXFileReference; lastKnownFileType = file.storyboard; name = Base; path = Base.lproj/LaunchScreen.storyboard; sourceTree = "<group>"; };
		13D14C931CE6B8BA00349EEC /* Info.plist */ = {isa = PBXFileReference; lastKnownFileType = text.plist.xml; path = Info.plist; sourceTree = "<group>"; };
		13D14C9B1CE6BB9000349EEC /* ChirpCell.swift */ = {isa = PBXFileReference; fileEncoding = 4; lastKnownFileType = sourcecode.swift; path = ChirpCell.swift; sourceTree = "<group>"; };
		13D14CA01CE6CEBA00349EEC /* EditViewController.swift */ = {isa = PBXFileReference; fileEncoding = 4; lastKnownFileType = sourcecode.swift; path = EditViewController.swift; sourceTree = "<group>"; };
		506F1716F8154B1FB1CEC4AF /* Pods-BirdStorm.release.xcconfig */ = {isa = PBXFileReference; includeInIndex = 1; lastKnownFileType = text.xcconfig; name = "Pods-BirdStorm.release.xcconfig"; path = "Pods/Target Support Files/Pods-BirdStorm/Pods-BirdStorm.release.xcconfig"; sourceTree = "<group>"; };
		922051DC63D831F53C7F153D /* Pods-BirdStorm.debug.xcconfig */ = {isa = PBXFileReference; includeInIndex = 1; lastKnownFileType = text.xcconfig; name = "Pods-BirdStorm.debug.xcconfig"; path = "Pods/Target Support Files/Pods-BirdStorm/Pods-BirdStorm.debug.xcconfig"; sourceTree = "<group>"; };
		D626F10F52FB0E739E9FE087 /* Pods_BirdStorm.framework */ = {isa = PBXFileReference; explicitFileType = wrapper.framework; includeInIndex = 0; path = Pods_BirdStorm.framework; sourceTree = BUILT_PRODUCTS_DIR; };
/* End PBXFileReference section */

/* Begin PBXFrameworksBuildPhase section */
		13D14C7E1CE6B8BA00349EEC /* Frameworks */ = {
			isa = PBXFrameworksBuildPhase;
			buildActionMask = 2147483647;
			files = (
				EC527C528478443D3B0C2B0C /* Pods_BirdStorm.framework in Frameworks */,
			);
			runOnlyForDeploymentPostprocessing = 0;
		};
/* End PBXFrameworksBuildPhase section */

/* Begin PBXGroup section */
		13D14C781CE6B8B900349EEC = {
			isa = PBXGroup;
			children = (
				13D14C831CE6B8BA00349EEC /* Tweetise */,
				13D14C821CE6B8BA00349EEC /* Products */,
				9FB10301B2587446A6BBEBBE /* Pods */,
				57ADC35B7B0ACE27E49F4C08 /* Frameworks */,
			);
			sourceTree = "<group>";
		};
		13D14C821CE6B8BA00349EEC /* Products */ = {
			isa = PBXGroup;
			children = (
				13D14C811CE6B8BA00349EEC /* Tweetise.app */,
			);
			name = Products;
			sourceTree = "<group>";
		};
		13D14C831CE6B8BA00349EEC /* Tweetise */ = {
			isa = PBXGroup;
			children = (
				13FD65A51CE7ABC200556EAD /* Supporting Files */,
				13D14C9F1CE6C13F00349EEC /* Controllers */,
				13D14C9A1CE6BB7400349EEC /* Views */,
				13D14C991CE6BB6E00349EEC /* Models */,
			);
			name = Tweetise;
			path = BirdStorm;
			sourceTree = "<group>";
		};
		13D14C991CE6BB6E00349EEC /* Models */ = {
			isa = PBXGroup;
			children = (
				1365D6831CE7C8F400BC1B5F /* ChirpEntry+CoreDataProperties.swift */,
				1365D6841CE7C8F400BC1B5F /* ChirpEntry.swift */,
			);
			name = Models;
			sourceTree = "<group>";
		};
		13D14C9A1CE6BB7400349EEC /* Views */ = {
			isa = PBXGroup;
			children = (
				13D14C9B1CE6BB9000349EEC /* ChirpCell.swift */,
				13D14C881CE6B8BA00349EEC /* Main.storyboard */,
			);
			name = Views;
			sourceTree = "<group>";
		};
		13D14C9F1CE6C13F00349EEC /* Controllers */ = {
			isa = PBXGroup;
			children = (
				13D14C861CE6B8BA00349EEC /* ChirpListViewController.swift */,
				13D14CA01CE6CEBA00349EEC /* EditViewController.swift */,
				13AC5AD31CE9093100B70CA5 /* PreviewViewController.swift */,
			);
			name = Controllers;
			sourceTree = "<group>";
		};
		13FD65A51CE7ABC200556EAD /* Supporting Files */ = {
			isa = PBXGroup;
			children = (
				13D14C841CE6B8BA00349EEC /* AppDelegate.swift */,
				13D14C8B1CE6B8BA00349EEC /* BirdStorm.xcdatamodeld */,
				13D14C8E1CE6B8BA00349EEC /* Assets.xcassets */,
				13D14C931CE6B8BA00349EEC /* Info.plist */,
				13D14C901CE6B8BA00349EEC /* LaunchScreen.storyboard */,
			);
			name = "Supporting Files";
			sourceTree = "<group>";
		};
		57ADC35B7B0ACE27E49F4C08 /* Frameworks */ = {
			isa = PBXGroup;
			children = (
				D626F10F52FB0E739E9FE087 /* Pods_BirdStorm.framework */,
			);
			name = Frameworks;
			sourceTree = "<group>";
		};
		9FB10301B2587446A6BBEBBE /* Pods */ = {
			isa = PBXGroup;
			children = (
				922051DC63D831F53C7F153D /* Pods-BirdStorm.debug.xcconfig */,
				506F1716F8154B1FB1CEC4AF /* Pods-BirdStorm.release.xcconfig */,
			);
			name = Pods;
			sourceTree = "<group>";
		};
/* End PBXGroup section */

/* Begin PBXNativeTarget section */
		13D14C801CE6B8BA00349EEC /* Tweetise */ = {
			isa = PBXNativeTarget;
			buildConfigurationList = 13D14C961CE6B8BA00349EEC /* Build configuration list for PBXNativeTarget "Tweetise" */;
			buildPhases = (
				C16F086BC73287591CDF2A76 /* 📦 Check Pods Manifest.lock */,
				13D14C7D1CE6B8BA00349EEC /* Sources */,
				13D14C7E1CE6B8BA00349EEC /* Frameworks */,
				13D14C7F1CE6B8BA00349EEC /* Resources */,
				80609A4516AE983193686BFC /* 📦 Embed Pods Frameworks */,
				6EEF3DFE3273F2E5DF02E7D1 /* 📦 Copy Pods Resources */,
			);
			buildRules = (
			);
			dependencies = (
			);
			name = Tweetise;
			productName = BirdStorm;
			productReference = 13D14C811CE6B8BA00349EEC /* Tweetise.app */;
			productType = "com.apple.product-type.application";
		};
/* End PBXNativeTarget section */

/* Begin PBXProject section */
		13D14C791CE6B8B900349EEC /* Project object */ = {
			isa = PBXProject;
			attributes = {
				LastSwiftUpdateCheck = 0730;
				LastUpgradeCheck = 0730;
				ORGANIZATIONNAME = akhilcacharya.me;
				TargetAttributes = {
					13D14C801CE6B8BA00349EEC = {
						CreatedOnToolsVersion = 7.3;
						DevelopmentTeam = T4474RZKCH;
					};
				};
			};
			buildConfigurationList = 13D14C7C1CE6B8B900349EEC /* Build configuration list for PBXProject "Tweetise" */;
			compatibilityVersion = "Xcode 3.2";
			developmentRegion = English;
			hasScannedForEncodings = 0;
			knownRegions = (
				en,
				Base,
			);
			mainGroup = 13D14C781CE6B8B900349EEC;
			productRefGroup = 13D14C821CE6B8BA00349EEC /* Products */;
			projectDirPath = "";
			projectRoot = "";
			targets = (
				13D14C801CE6B8BA00349EEC /* Tweetise */,
			);
		};
/* End PBXProject section */

/* Begin PBXResourcesBuildPhase section */
		13D14C7F1CE6B8BA00349EEC /* Resources */ = {
			isa = PBXResourcesBuildPhase;
			buildActionMask = 2147483647;
			files = (
				13D14C921CE6B8BA00349EEC /* LaunchScreen.storyboard in Resources */,
				13D14C8F1CE6B8BA00349EEC /* Assets.xcassets in Resources */,
				13D14C8A1CE6B8BA00349EEC /* Main.storyboard in Resources */,
			);
			runOnlyForDeploymentPostprocessing = 0;
		};
/* End PBXResourcesBuildPhase section */

/* Begin PBXShellScriptBuildPhase section */
		6EEF3DFE3273F2E5DF02E7D1 /* 📦 Copy Pods Resources */ = {
			isa = PBXShellScriptBuildPhase;
			buildActionMask = 2147483647;
			files = (
			);
			inputPaths = (
			);
			name = "📦 Copy Pods Resources";
			outputPaths = (
			);
			runOnlyForDeploymentPostprocessing = 0;
			shellPath = /bin/sh;
			shellScript = "\"${SRCROOT}/Pods/Target Support Files/Pods-BirdStorm/Pods-BirdStorm-resources.sh\"\n";
			showEnvVarsInLog = 0;
		};
		80609A4516AE983193686BFC /* 📦 Embed Pods Frameworks */ = {
			isa = PBXShellScriptBuildPhase;
			buildActionMask = 2147483647;
			files = (
			);
			inputPaths = (
			);
			name = "📦 Embed Pods Frameworks";
			outputPaths = (
			);
			runOnlyForDeploymentPostprocessing = 0;
			shellPath = /bin/sh;
			shellScript = "\"${SRCROOT}/Pods/Target Support Files/Pods-BirdStorm/Pods-BirdStorm-frameworks.sh\"\n";
			showEnvVarsInLog = 0;
		};
		C16F086BC73287591CDF2A76 /* 📦 Check Pods Manifest.lock */ = {
			isa = PBXShellScriptBuildPhase;
			buildActionMask = 2147483647;
			files = (
			);
			inputPaths = (
			);
			name = "📦 Check Pods Manifest.lock";
			outputPaths = (
			);
			runOnlyForDeploymentPostprocessing = 0;
			shellPath = /bin/sh;
			shellScript = "diff \"${PODS_ROOT}/../Podfile.lock\" \"${PODS_ROOT}/Manifest.lock\" > /dev/null\nif [[ $? != 0 ]] ; then\n    cat << EOM\nerror: The sandbox is not in sync with the Podfile.lock. Run 'pod install' or update your CocoaPods installation.\nEOM\n    exit 1\nfi\n";
			showEnvVarsInLog = 0;
		};
/* End PBXShellScriptBuildPhase section */

/* Begin PBXSourcesBuildPhase section */
		13D14C7D1CE6B8BA00349EEC /* Sources */ = {
			isa = PBXSourcesBuildPhase;
			buildActionMask = 2147483647;
			files = (
				13D14C9C1CE6BB9000349EEC /* ChirpCell.swift in Sources */,
				13D14C8D1CE6B8BA00349EEC /* BirdStorm.xcdatamodeld in Sources */,
				13D14CA11CE6CEBA00349EEC /* EditViewController.swift in Sources */,
				1365D6861CE7C8F400BC1B5F /* ChirpEntry.swift in Sources */,
				1365D6851CE7C8F400BC1B5F /* ChirpEntry+CoreDataProperties.swift in Sources */,
				13D14C871CE6B8BA00349EEC /* ChirpListViewController.swift in Sources */,
				13D14C851CE6B8BA00349EEC /* AppDelegate.swift in Sources */,
				13AC5AD41CE9093100B70CA5 /* PreviewViewController.swift in Sources */,
			);
			runOnlyForDeploymentPostprocessing = 0;
		};
/* End PBXSourcesBuildPhase section */

/* Begin PBXVariantGroup section */
		13D14C881CE6B8BA00349EEC /* Main.storyboard */ = {
			isa = PBXVariantGroup;
			children = (
				13D14C891CE6B8BA00349EEC /* Base */,
			);
			name = Main.storyboard;
			sourceTree = "<group>";
		};
		13D14C901CE6B8BA00349EEC /* LaunchScreen.storyboard */ = {
			isa = PBXVariantGroup;
			children = (
				13D14C911CE6B8BA00349EEC /* Base */,
			);
			name = LaunchScreen.storyboard;
			sourceTree = "<group>";
		};
/* End PBXVariantGroup section */

/* Begin XCBuildConfiguration section */
		13D14C941CE6B8BA00349EEC /* Debug */ = {
			isa = XCBuildConfiguration;
			buildSettings = {
				ALWAYS_SEARCH_USER_PATHS = NO;
				CLANG_ANALYZER_NONNULL = YES;
				CLANG_CXX_LANGUAGE_STANDARD = "gnu++0x";
				CLANG_CXX_LIBRARY = "libc++";
				CLANG_ENABLE_MODULES = YES;
				CLANG_ENABLE_OBJC_ARC = YES;
				CLANG_WARN_BOOL_CONVERSION = YES;
				CLANG_WARN_CONSTANT_CONVERSION = YES;
				CLANG_WARN_DIRECT_OBJC_ISA_USAGE = YES_ERROR;
				CLANG_WARN_EMPTY_BODY = YES;
				CLANG_WARN_ENUM_CONVERSION = YES;
				CLANG_WARN_INT_CONVERSION = YES;
				CLANG_WARN_OBJC_ROOT_CLASS = YES_ERROR;
				CLANG_WARN_UNREACHABLE_CODE = YES;
				CLANG_WARN__DUPLICATE_METHOD_MATCH = YES;
				"CODE_SIGN_IDENTITY[sdk=iphoneos*]" = "iPhone Developer";
				COPY_PHASE_STRIP = NO;
				DEBUG_INFORMATION_FORMAT = dwarf;
				ENABLE_STRICT_OBJC_MSGSEND = YES;
				ENABLE_TESTABILITY = YES;
				GCC_C_LANGUAGE_STANDARD = gnu99;
				GCC_DYNAMIC_NO_PIC = NO;
				GCC_NO_COMMON_BLOCKS = YES;
				GCC_OPTIMIZATION_LEVEL = 0;
				GCC_PREPROCESSOR_DEFINITIONS = (
					"DEBUG=1",
					"$(inherited)",
				);
				GCC_WARN_64_TO_32_BIT_CONVERSION = YES;
				GCC_WARN_ABOUT_RETURN_TYPE = YES_ERROR;
				GCC_WARN_UNDECLARED_SELECTOR = YES;
				GCC_WARN_UNINITIALIZED_AUTOS = YES_AGGRESSIVE;
				GCC_WARN_UNUSED_FUNCTION = YES;
				GCC_WARN_UNUSED_VARIABLE = YES;
				IPHONEOS_DEPLOYMENT_TARGET = 9.3;
				MTL_ENABLE_DEBUG_INFO = YES;
				ONLY_ACTIVE_ARCH = YES;
				SDKROOT = iphoneos;
				SWIFT_OPTIMIZATION_LEVEL = "-Onone";
			};
			name = Debug;
		};
		13D14C951CE6B8BA00349EEC /* Release */ = {
			isa = XCBuildConfiguration;
			buildSettings = {
				ALWAYS_SEARCH_USER_PATHS = NO;
				CLANG_ANALYZER_NONNULL = YES;
				CLANG_CXX_LANGUAGE_STANDARD = "gnu++0x";
				CLANG_CXX_LIBRARY = "libc++";
				CLANG_ENABLE_MODULES = YES;
				CLANG_ENABLE_OBJC_ARC = YES;
				CLANG_WARN_BOOL_CONVERSION = YES;
				CLANG_WARN_CONSTANT_CONVERSION = YES;
				CLANG_WARN_DIRECT_OBJC_ISA_USAGE = YES_ERROR;
				CLANG_WARN_EMPTY_BODY = YES;
				CLANG_WARN_ENUM_CONVERSION = YES;
				CLANG_WARN_INT_CONVERSION = YES;
				CLANG_WARN_OBJC_ROOT_CLASS = YES_ERROR;
				CLANG_WARN_UNREACHABLE_CODE = YES;
				CLANG_WARN__DUPLICATE_METHOD_MATCH = YES;
				"CODE_SIGN_IDENTITY[sdk=iphoneos*]" = "iPhone Developer";
				COPY_PHASE_STRIP = NO;
				DEBUG_INFORMATION_FORMAT = "dwarf-with-dsym";
				ENABLE_NS_ASSERTIONS = NO;
				ENABLE_STRICT_OBJC_MSGSEND = YES;
				GCC_C_LANGUAGE_STANDARD = gnu99;
				GCC_NO_COMMON_BLOCKS = YES;
				GCC_WARN_64_TO_32_BIT_CONVERSION = YES;
				GCC_WARN_ABOUT_RETURN_TYPE = YES_ERROR;
				GCC_WARN_UNDECLARED_SELECTOR = YES;
				GCC_WARN_UNINITIALIZED_AUTOS = YES_AGGRESSIVE;
				GCC_WARN_UNUSED_FUNCTION = YES;
				GCC_WARN_UNUSED_VARIABLE = YES;
				IPHONEOS_DEPLOYMENT_TARGET = 9.3;
				MTL_ENABLE_DEBUG_INFO = NO;
				SDKROOT = iphoneos;
				VALIDATE_PRODUCT = YES;
			};
			name = Release;
		};
		13D14C971CE6B8BA00349EEC /* Debug */ = {
			isa = XCBuildConfiguration;
			baseConfigurationReference = 922051DC63D831F53C7F153D /* Pods-BirdStorm.debug.xcconfig */;
			buildSettings = {
				ASSETCATALOG_COMPILER_APPICON_NAME = AppIcon;
				CODE_SIGN_IDENTITY = "iPhone Developer";
				"CODE_SIGN_IDENTITY[sdk=iphoneos*]" = "iPhone Developer";
				INFOPLIST_FILE = BirdStorm/Info.plist;
				LD_RUNPATH_SEARCH_PATHS = "$(inherited) @executable_path/Frameworks";
				PRODUCT_BUNDLE_IDENTIFIER = me.akhilcacharya.BirdStorm;
				PRODUCT_NAME = Tweetise;
				PROVISIONING_PROFILE = "";
			};
			name = Debug;
		};
		13D14C981CE6B8BA00349EEC /* Release */ = {
			isa = XCBuildConfiguration;
			baseConfigurationReference = 506F1716F8154B1FB1CEC4AF /* Pods-BirdStorm.release.xcconfig */;
			buildSettings = {
				ASSETCATALOG_COMPILER_APPICON_NAME = AppIcon;
				CODE_SIGN_IDENTITY = "iPhone Developer";
				"CODE_SIGN_IDENTITY[sdk=iphoneos*]" = "iPhone Developer";
				INFOPLIST_FILE = BirdStorm/Info.plist;
				LD_RUNPATH_SEARCH_PATHS = "$(inherited) @executable_path/Frameworks";
				PRODUCT_BUNDLE_IDENTIFIER = me.akhilcacharya.BirdStorm;
				PRODUCT_NAME = Tweetise;
				PROVISIONING_PROFILE = "";
			};
			name = Release;
		};
/* End XCBuildConfiguration section */

/* Begin XCConfigurationList section */
		13D14C7C1CE6B8B900349EEC /* Build configuration list for PBXProject "Tweetise" */ = {
			isa = XCConfigurationList;
			buildConfigurations = (
				13D14C941CE6B8BA00349EEC /* Debug */,
				13D14C951CE6B8BA00349EEC /* Release */,
			);
			defaultConfigurationIsVisible = 0;
			defaultConfigurationName = Release;
		};
		13D14C961CE6B8BA00349EEC /* Build configuration list for PBXNativeTarget "Tweetise" */ = {
			isa = XCConfigurationList;
			buildConfigurations = (
				13D14C971CE6B8BA00349EEC /* Debug */,
				13D14C981CE6B8BA00349EEC /* Release */,
			);
			defaultConfigurationIsVisible = 0;
			defaultConfigurationName = Release;
		};
/* End XCConfigurationList section */

/* Begin XCVersionGroup section */
		13D14C8B1CE6B8BA00349EEC /* BirdStorm.xcdatamodeld */ = {
			isa = XCVersionGroup;
			children = (
				13D14C8C1CE6B8BA00349EEC /* BirdStorm.xcdatamodel */,
			);
			currentVersion = 13D14C8C1CE6B8BA00349EEC /* BirdStorm.xcdatamodel */;
			path = BirdStorm.xcdatamodeld;
			sourceTree = "<group>";
			versionGroupType = wrapper.xcdatamodel;
		};
/* End XCVersionGroup section */
	};
	rootObject = 13D14C791CE6B8B900349EEC /* Project object */;
}
